
Microsoft Visual Studio Solution File, Format Version 12.00
# Visual Studio Version 16
VisualStudioVersion = 16.0.30413.136
MinimumVisualStudioVersion = 10.0.40219.1
Project("{FAE04EC0-301F-11D3-BF4B-00C04F79EFBC}") = "OdeToFood", "OdeToFood\OdeToFood.csproj", "{8C8C2D0E-56B4-4E88-A170-E6926E291E51}"
EndProject
Project("{FAE04EC0-301F-11D3-BF4B-00C04F79EFBC}") = "OdeToFood.Core", "OdeToFood.Core\OdeToFood.Core.csproj", "{F48EDCA2-68D4-4A47-8F95-0D76F31E71E6}"
EndProject
Project("{FAE04EC0-301F-11D3-BF4B-00C04F79EFBC}") = "OdeToFood.Data", "OdeToFood.Data\OdeToFood.Data.csproj", "{1C246B47-0EC5-42FB-9E84-AAFB9EB0ACE3}"
EndProject
Global
	GlobalSection(SolutionConfigurationPlatforms) = preSolution
		Debug|Any CPU = Debug|Any CPU
		Release|Any CPU = Release|Any CPU
	EndGlobalSection
	GlobalSection(ProjectConfigurationPlatforms) = postSolution
		{8C8C2D0E-56B4-4E88-A170-E6926E291E51}.Debug|Any CPU.ActiveCfg = Debug|Any CPU
		{8C8C2D0E-56B4-4E88-A170-E6926E291E51}.Debug|Any CPU.Build.0 = Debug|Any CPU
		{8C8C2D0E-56B4-4E88-A170-E6926E291E51}.Release|Any CPU.ActiveCfg = Release|Any CPU
		{8C8C2D0E-56B4-4E88-A170-E6926E291E51}.Release|Any CPU.Build.0 = Release|Any CPU
		{F48EDCA2-68D4-4A47-8F95-0D76F31E71E6}.Debug|Any CPU.ActiveCfg = Debug|Any CPU
		{F48EDCA2-68D4-4A47-8F95-0D76F31E71E6}.Debug|Any CPU.Build.0 = Debug|Any CPU
		{F48EDCA2-68D4-4A47-8F95-0D76F31E71E6}.Release|Any CPU.ActiveCfg = Release|Any CPU
		{F48EDCA2-68D4-4A47-8F95-0D76F31E71E6}.Release|Any CPU.Build.0 = Release|Any CPU
		{1C246B47-0EC5-42FB-9E84-AAFB9EB0ACE3}.Debug|Any CPU.ActiveCfg = Debug|Any CPU
		{1C246B47-0EC5-42FB-9E84-AAFB9EB0ACE3}.Debug|Any CPU.Build.0 = Debug|Any CPU
		{1C246B47-0EC5-42FB-9E84-AAFB9EB0ACE3}.Release|Any CPU.ActiveCfg = Release|Any CPU
		{1C246B47-0EC5-42FB-9E84-AAFB9EB0ACE3}.Release|Any CPU.Build.0 = Release|Any CPU
	EndGlobalSection
	GlobalSection(SolutionProperties) = preSolution
		HideSolutionNode = FALSE
	EndGlobalSection
	GlobalSection(ExtensibilityGlobals) = postSolution
		SolutionGuid = {21CCC0BE-062D-4A81-9FC9-8CA9B43D5739}
	EndGlobalSection
EndGlobal
